
Microsoft Visual Studio Solution File, Format Version 12.00
# Visual Studio Version 16
VisualStudioVersion = 16.0.29613.14
MinimumVisualStudioVersion = 10.0.40219.1
Project("{FAE04EC0-301F-11D3-BF4B-00C04F79EFBC}") = "SimpleCli", "SimpleCli.csproj", "{6EA013CB-C622-454B-B8E0-C7FB3F83DB58}"
EndProject
Global
	GlobalSection(SolutionConfigurationPlatforms) = preSolution
		Debug|Any CPU = Debug|Any CPU
		Release|Any CPU = Release|Any CPU
	EndGlobalSection
	GlobalSection(ProjectConfigurationPlatforms) = postSolution
		{6EA013CB-C622-454B-B8E0-C7FB3F83DB58}.Debug|Any CPU.ActiveCfg = Debug|Any CPU
		{6EA013CB-C622-454B-B8E0-C7FB3F83DB58}.Debug|Any CPU.Build.0 = Debug|Any CPU
		{6EA013CB-C622-454B-B8E0-C7FB3F83DB58}.Release|Any CPU.ActiveCfg = Release|Any CPU
		{6EA013CB-C622-454B-B8E0-C7FB3F83DB58}.Release|Any CPU.Build.0 = Release|Any CPU
	EndGlobalSection
	GlobalSection(SolutionProperties) = preSolution
		HideSolutionNode = FALSE
	EndGlobalSection
	GlobalSection(ExtensibilityGlobals) = postSolution
		SolutionGuid = {8F638DCF-5BCA-4655-AE67-F9F6A616F29C}
	EndGlobalSection
EndGlobal
